<?xml version="1.0" encoding="utf-8"?>
<Project ToolsVersion="4.0" xmlns="http://schemas.microsoft.com/developer/msbuild/2003">
  <ItemGroup>
    <Filter Include="Исходные файлы">
      <UniqueIdentifier>{4FC737F1-C7A5-4376-A066-2A32D752A2FF}</UniqueIdentifier>
      <Extensions>cpp;c;cc;cxx;c++;cppm;ixx;def;odl;idl;hpj;bat;asm;asmx</Extensions>
    </Filter>
    <Filter Include="Файлы заголовков">
      <UniqueIdentifier>{93995380-89BD-4b04-88EB-625FBE52EBFB}</UniqueIdentifier>
      <Extensions>h;hh;hpp;hxx;h++;hm;inl;inc;ipp;xsd</Extensions>
    </Filter>
    <Filter Include="Файлы ресурсов">
      <UniqueIdentifier>{67DA6AB6-F800-4c08-8B7A-83BB121AAD01}</UniqueIdentifier>
      <Extensions>rc;ico;cur;bmp;dlg;rc2;rct;bin;rgs;gif;jpg;jpeg;jpe;resx;tiff;tif;png;wav;mfcribbon-ms</Extensions>
    </Filter>
    <Filter Include="Файлы заголовков\ImGUI">
      <UniqueIdentifier>{0f63650a-d69e-42c8-b5eb-5461eddbb1d1}</UniqueIdentifier>
    </Filter>
    <Filter Include="Исходные файлы\Platform">
      <UniqueIdentifier>{f057205d-2f5d-4ded-bb6f-a35fc3787695}</UniqueIdentifier>
    </Filter>
    <Filter Include="Исходные файлы\Viewer">
      <UniqueIdentifier>{0f2e5c38-551f-4533-bcb5-590a60c6bde8}</UniqueIdentifier>
    </Filter>
    <Filter Include="Исходные файлы\GUI">
      <UniqueIdentifier>{261b6b63-8d4a-4e6c-920d-6a4c0017cfc2}</UniqueIdentifier>
    </Filter>
    <Filter Include="Исходные файлы\CAD">
      <UniqueIdentifier>{3ed79681-0747-48fa-86a0-7a1cfc18ed07}</UniqueIdentifier>
    </Filter>
    <Filter Include="Исходные файлы\CAD\Sketch">
      <UniqueIdentifier>{8c22831a-ea91-474f-b98e-e8756f8bea13}</UniqueIdentifier>
    </Filter>
    <Filter Include="Исходные файлы\LLM">
      <UniqueIdentifier>{965f7a81-0ad9-4bdb-9074-8fc588b05437}</UniqueIdentifier>
    </Filter>
    <Filter Include="Исходные файлы\CAD\Solid">
      <UniqueIdentifier>{3358e974-c117-4257-848b-c1d2032be3ec}</UniqueIdentifier>
    </Filter>
    <Filter Include="Исходные файлы\External">
      <UniqueIdentifier>{e26d8b78-7c2e-4421-b7d0-8df54f6a4d0a}</UniqueIdentifier>
    </Filter>
    <Filter Include="Исходные файлы\CAD\PNG">
      <UniqueIdentifier>{a395b2aa-b8e1-4c18-bdb1-fc78b64a9ec2}</UniqueIdentifier>
    </Filter>
  </ItemGroup>
  <ItemGroup>
    <ClCompile Include="CADPrototype.cpp">
      <Filter>Исходные файлы</Filter>
    </ClCompile>
    <ClCompile Include="GlfwOcctWindow.cpp">
      <Filter>Исходные файлы\Platform</Filter>
    </ClCompile>
    <ClCompile Include="GlfwOcctView.cpp">
      <Filter>Исходные файлы\Viewer</Filter>
    </ClCompile>
    <ClCompile Include="OcctInputController.cpp">
      <Filter>Исходные файлы\Viewer</Filter>
    </ClCompile>
    <ClCompile Include="GuiApp.cpp">
      <Filter>Исходные файлы\GUI</Filter>
    </ClCompile>
    <ClCompile Include="CadSession.cpp">
      <Filter>Исходные файлы\CAD</Filter>
    </ClCompile>
    <ClCompile Include="History.cpp">
      <Filter>Исходные файлы\CAD</Filter>
    </ClCompile>
    <ClCompile Include="Document.cpp">
      <Filter>Исходные файлы\CAD</Filter>
    </ClCompile>
    <ClCompile Include="CmdAddBox.cpp">
      <Filter>Исходные файлы\CAD</Filter>
    </ClCompile>
    <ClCompile Include="CommandFactory.cpp">
      <Filter>Исходные файлы\CAD</Filter>
    </ClCompile>
    <ClCompile Include="CadPanel.cpp">
      <Filter>Исходные файлы\GUI</Filter>
    </ClCompile>
    <ClCompile Include="CmdDeleteEntity.cpp">
      <Filter>Исходные файлы\CAD</Filter>
    </ClCompile>
    <ClCompile Include="CmdAddBoxWithId.cpp">
      <Filter>Исходные файлы\CAD</Filter>
    </ClCompile>
    <ClCompile Include="CmdUpdateBox.cpp">
      <Filter>Исходные файлы\CAD</Filter>
    </ClCompile>
    <ClCompile Include="LlmAgent.cpp">
      <Filter>Исходные файлы\LLM</Filter>
    </ClCompile>
    <ClCompile Include="LmStudioClient.cpp">
      <Filter>Исходные файлы\LLM</Filter>
    </ClCompile>
    <ClCompile Include="..\..\ImGUI 1.92.7\backends\imgui_impl_glfw.cpp">
      <Filter>Исходные файлы</Filter>
    </ClCompile>
    <ClCompile Include="..\..\ImGUI 1.92.7\backends\imgui_impl_opengl3.cpp">
      <Filter>Исходные файлы</Filter>
    </ClCompile>
    <ClCompile Include="..\..\ImGUI 1.92.7\imgui.cpp">
      <Filter>Исходные файлы</Filter>
    </ClCompile>
    <ClCompile Include="..\..\ImGUI 1.92.7\imgui_demo.cpp">
      <Filter>Исходные файлы</Filter>
    </ClCompile>
    <ClCompile Include="..\..\ImGUI 1.92.7\imgui_draw.cpp">
      <Filter>Исходные файлы</Filter>
    </ClCompile>
    <ClCompile Include="..\..\ImGUI 1.92.7\imgui_tables.cpp">
      <Filter>Исходные файлы</Filter>
    </ClCompile>
    <ClCompile Include="..\..\ImGUI 1.92.7\imgui_widgets.cpp">
      <Filter>Исходные файлы</Filter>
    </ClCompile>
    <ClCompile Include="Tools.cpp">
      <Filter>Исходные файлы\GUI</Filter>
    </ClCompile>
    <ClCompile Include="PNG_Reader.cpp">
      <Filter>Исходные файлы\GUI</Filter>
    </ClCompile>
    <ClCompile Include="BoxGui.cpp">
      <Filter>Исходные файлы\GUI</Filter>
    </ClCompile>
    <ClCompile Include="CreateBox.cpp">
      <Filter>Исходные файлы\CAD\Solid</Filter>
    </ClCompile>
    <ClCompile Include="CyllGui.cpp">
      <Filter>Исходные файлы\GUI</Filter>
    </ClCompile>
    <ClCompile Include="CreateCyll.cpp">
      <Filter>Исходные файлы\CAD\Solid</Filter>
    </ClCompile>
    <ClCompile Include="FuseGui.cpp">
      <Filter>Исходные файлы\GUI</Filter>
    </ClCompile>
    <ClCompile Include="Fuse.cpp">
      <Filter>Исходные файлы\CAD\Solid</Filter>
    </ClCompile>
  </ItemGroup>
  <ItemGroup>
    <ClInclude Include="GlfwOcctWindow.h">
      <Filter>Исходные файлы\Platform</Filter>
    </ClInclude>
    <ClInclude Include="GlfwOcctView.h">
      <Filter>Исходные файлы\Viewer</Filter>
    </ClInclude>
    <ClInclude Include="OcctInputController.h">
      <Filter>Исходные файлы\Viewer</Filter>
    </ClInclude>
    <ClInclude Include="GuiApp.h">
      <Filter>Исходные файлы\GUI</Filter>
    </ClInclude>
    <ClInclude Include="CadSession.h">
      <Filter>Исходные файлы\CAD</Filter>
    </ClInclude>
    <ClInclude Include="ICommand.h">
      <Filter>Исходные файлы\CAD</Filter>
    </ClInclude>
    <ClInclude Include="Document.h">
      <Filter>Исходные файлы\CAD</Filter>
    </ClInclude>
    <ClInclude Include="CmdAddBox.h">
      <Filter>Исходные файлы\CAD</Filter>
    </ClInclude>
    <ClInclude Include="History.h">
      <Filter>Исходные файлы\CAD</Filter>
    </ClInclude>
    <ClInclude Include="CommandFactory.h">
      <Filter>Исходные файлы\CAD</Filter>
    </ClInclude>
    <ClInclude Include="CadPanel.h">
      <Filter>Исходные файлы\GUI</Filter>
    </ClInclude>
    <ClInclude Include="CmdDeleteEntity.h">
      <Filter>Исходные файлы\CAD</Filter>
    </ClInclude>
    <ClInclude Include="CmdAddBoxWithId.h">
      <Filter>Исходные файлы\CAD</Filter>
    </ClInclude>
    <ClInclude Include="CmdUpdateBox.h">
      <Filter>Исходные файлы\CAD</Filter>
    </ClInclude>
    <ClInclude Include="LlmAgent.h">
      <Filter>Исходные файлы\LLM</Filter>
    </ClInclude>
    <ClInclude Include="httplib.h">
      <Filter>Исходные файлы\External</Filter>
    </ClInclude>
    <ClInclude Include="json.hpp">
      <Filter>Исходные файлы\External</Filter>
    </ClInclude>
    <ClInclude Include="LmStudioClient.h">
      <Filter>Исходные файлы\LLM</Filter>
    </ClInclude>
    <ClInclude Include="Tools.h">
      <Filter>Исходные файлы\GUI</Filter>
    </ClInclude>
    <ClInclude Include="..\..\ImGUI 1.92.7\imconfig.h">
      <Filter>Файлы заголовков\ImGUI</Filter>
    </ClInclude>
    <ClInclude Include="..\..\ImGUI 1.92.7\imgui.h">
      <Filter>Файлы заголовков\ImGUI</Filter>
    </ClInclude>
    <ClInclude Include="..\..\ImGUI 1.92.7\backends\imgui_impl_glfw.h">
      <Filter>Файлы заголовков\ImGUI</Filter>
    </ClInclude>
    <ClInclude Include="..\..\ImGUI 1.92.7\backends\imgui_impl_opengl3.h">
      <Filter>Файлы заголовков\ImGUI</Filter>
    </ClInclude>
    <ClInclude Include="..\..\ImGUI 1.92.7\backends\imgui_impl_opengl3_loader.h">
      <Filter>Файлы заголовков\ImGUI</Filter>
    </ClInclude>
    <ClInclude Include="..\..\ImGUI 1.92.7\imgui_internal.h">
      <Filter>Файлы заголовков\ImGUI</Filter>
    </ClInclude>
    <ClInclude Include="..\..\ImGUI 1.92.7\imstb_rectpack.h">
      <Filter>Файлы заголовков\ImGUI</Filter>
    </ClInclude>
    <ClInclude Include="..\..\ImGUI 1.92.7\imstb_textedit.h">
      <Filter>Файлы заголовков\ImGUI</Filter>
    </ClInclude>
    <ClInclude Include="..\..\ImGUI 1.92.7\imstb_truetype.h">
      <Filter>Файлы заголовков\ImGUI</Filter>
    </ClInclude>
    <ClInclude Include="..\..\stb_image.h">
      <Filter>Файлы заголовков</Filter>
    </ClInclude>
    <ClInclude Include="PNG_Reader.h">
      <Filter>Исходные файлы\GUI</Filter>
    </ClInclude>
    <ClInclude Include="CreateBox.h">
      <Filter>Исходные файлы\CAD\Solid</Filter>
    </ClInclude>
    <ClInclude Include="BoxGui.h">
      <Filter>Исходные файлы\GUI</Filter>
    </ClInclude>
    <ClInclude Include="CyllGui.h">
      <Filter>Исходные файлы\GUI</Filter>
    </ClInclude>
    <ClInclude Include="CreateCyll.h">
      <Filter>Исходные файлы\CAD\Solid</Filter>
    </ClInclude>
    <ClInclude Include="FuseGui.h">
      <Filter>Исходные файлы\GUI</Filter>
    </ClInclude>
    <ClInclude Include="Fuse.h">
      <Filter>Исходные файлы\CAD\Solid</Filter>
    </ClInclude>
  </ItemGroup>
  <ItemGroup>
    <Image Include="..\SecondBTNFrame.png">
      <Filter>Исходные файлы\CAD\PNG</Filter>
    </Image>
    <Image Include="..\FirstBTNFrame.png">
      <Filter>Исходные файлы\CAD\PNG</Filter>
    </Image>
  </ItemGroup>
</Project>